
Microsoft Visual Studio Solution File, Format Version 11.00
# Visual Studio 2010
Project("{8BC9CEB8-8B4A-11D0-8D11-00A0C91BC942}") = "SimpleFactroy", "SimpleFactroy\SimpleFactroy.vcxproj", "{FC679401-2F28-4AD5-B435-D4F5FF5BF4BC}"
EndProject
Project("{2150E333-8FDC-42A3-9474-1A3956D46DE8}") = "简单工厂模式", "简单工厂模式", "{76FD7DA6-8143-4333-BEDA-8629BA42520E}"
EndProject
Project("{2150E333-8FDC-42A3-9474-1A3956D46DE8}") = "工厂模式", "工厂模式", "{7B6BE45A-7FCE-4A14-9433-CF9B62993F07}"
EndProject
Project("{8BC9CEB8-8B4A-11D0-8D11-00A0C91BC942}") = "Factory", "Factory\Factory.vcxproj", "{E7AB1A95-FE7D-4805-B754-D701D5425D0F}"
EndProject
Project("{2150E333-8FDC-42A3-9474-1A3956D46DE8}") = "抽象工厂模式", "抽象工厂模式", "{ECEC3109-FAF1-4479-B01B-B32D544F82AE}"
EndProject
Project("{8BC9CEB8-8B4A-11D0-8D11-00A0C91BC942}") = "AbstractFactory", "AbstractFactory\AbstractFactory.vcxproj", "{1D07172C-7786-41C1-AFF5-4DA30CA529DF}"
EndProject
Project("{2150E333-8FDC-42A3-9474-1A3956D46DE8}") = "建造者模式", "建造者模式", "{21A5F8B9-98D3-4842-B740-4F3F6B03765A}"
EndProject
Project("{8BC9CEB8-8B4A-11D0-8D11-00A0C91BC942}") = "Builder", "Builder\Builder.vcxproj", "{E09C522F-897C-420D-A83D-2BC991704C7B}"
EndProject
Project("{2150E333-8FDC-42A3-9474-1A3956D46DE8}") = "原型模式", "原型模式", "{FE6DC318-124E-4A03-8770-6FDBB7AAC445}"
EndProject
Project("{8BC9CEB8-8B4A-11D0-8D11-00A0C91BC942}") = "Property", "Property\Property.vcxproj", "{5150E88C-6ABB-450B-9F24-2AFE9813FABF}"
EndProject
Project("{2150E333-8FDC-42A3-9474-1A3956D46DE8}") = "单例模式", "单例模式", "{335F1F01-ED3A-450C-A4BC-2676BF6ADD47}"
EndProject
Project("{8BC9CEB8-8B4A-11D0-8D11-00A0C91BC942}") = "Singleton", "Singleton\Singleton.vcxproj", "{9501972C-C2B4-4BA3-A70F-BD0B8A253895}"
EndProject
Project("{2150E333-8FDC-42A3-9474-1A3956D46DE8}") = "代理者模式", "代理者模式", "{E5D16EC0-F101-408B-96A8-9317FDA327F7}"
EndProject
Project("{8BC9CEB8-8B4A-11D0-8D11-00A0C91BC942}") = "Adapt", "Adapt\Adapt.vcxproj", "{C5AD8593-60F9-40F8-A503-5AC5FB390416}"
EndProject
Project("{2150E333-8FDC-42A3-9474-1A3956D46DE8}") = "桥接模式", "桥接模式", "{C18C12CE-D4A8-418A-A248-508437E86C2B}"
EndProject
Project("{8BC9CEB8-8B4A-11D0-8D11-00A0C91BC942}") = "Bridge", "Bridge\Bridge.vcxproj", "{9CC62919-DD64-4AB0-B1A0-D47524AD24F0}"
EndProject
Project("{2150E333-8FDC-42A3-9474-1A3956D46DE8}") = "组合模式", "组合模式", "{A81FA494-4072-4850-8B11-B32DFD15DD22}"
EndProject
Project("{8BC9CEB8-8B4A-11D0-8D11-00A0C91BC942}") = "Composite", "Composite\Composite.vcxproj", "{AD0E0D94-A830-448E-8F4A-100EA6F7BE1C}"
EndProject
Project("{8BC9CEB8-8B4A-11D0-8D11-00A0C91BC942}") = "Decorator", "Decorator\Decorator.vcxproj", "{889A4535-3840-447B-80CA-52165DE833C4}"
EndProject
Project("{8BC9CEB8-8B4A-11D0-8D11-00A0C91BC942}") = "Proxy", "Proxy\Proxy.vcxproj", "{FF72188B-6770-4732-B479-51DD7D57A9A3}"
EndProject
Project("{2150E333-8FDC-42A3-9474-1A3956D46DE8}") = "装饰者模式", "装饰者模式", "{2B825FE7-E4AE-4E86-A342-A30DC48CB4BB}"
EndProject
Project("{2150E333-8FDC-42A3-9474-1A3956D46DE8}") = "代理模式", "代理模式", "{2CCFF373-6F11-48B8-AE48-353A49EC1F6C}"
EndProject
Project("{2150E333-8FDC-42A3-9474-1A3956D46DE8}") = "模板方法模式", "模板方法模式", "{2DE8ED4F-7BB9-477C-B231-CDAB3976648A}"
EndProject
Project("{8BC9CEB8-8B4A-11D0-8D11-00A0C91BC942}") = "TemplateMethod", "TemplateMethod\TemplateMethod.vcxproj", "{89FD9B1A-0E8E-45A0-B99F-11ED71388192}"
EndProject
Project("{8BC9CEB8-8B4A-11D0-8D11-00A0C91BC942}") = "ChainOfResponsibility", "ChainOfResponsibility\ChainOfResponsibility.vcxproj", "{D86655FD-6DBE-4E48-A9E5-CAA20676B1A8}"
EndProject
Project("{2150E333-8FDC-42A3-9474-1A3956D46DE8}") = "职责链模式", "职责链模式", "{1F51F5C3-4DA9-4792-8323-CD95B654925E}"
EndProject
Global
	GlobalSection(SolutionConfigurationPlatforms) = preSolution
		Debug|Mixed Platforms = Debug|Mixed Platforms
		Debug|Win32 = Debug|Win32
		Debug|x86 = Debug|x86
		Release|Mixed Platforms = Release|Mixed Platforms
		Release|Win32 = Release|Win32
		Release|x86 = Release|x86
	EndGlobalSection
	GlobalSection(ProjectConfigurationPlatforms) = postSolution
		{FC679401-2F28-4AD5-B435-D4F5FF5BF4BC}.Debug|Mixed Platforms.ActiveCfg = Debug|Win32
		{FC679401-2F28-4AD5-B435-D4F5FF5BF4BC}.Debug|Mixed Platforms.Build.0 = Debug|Win32
		{FC679401-2F28-4AD5-B435-D4F5FF5BF4BC}.Debug|Win32.ActiveCfg = Debug|Win32
		{FC679401-2F28-4AD5-B435-D4F5FF5BF4BC}.Debug|Win32.Build.0 = Debug|Win32
		{FC679401-2F28-4AD5-B435-D4F5FF5BF4BC}.Debug|x86.ActiveCfg = Debug|Win32
		{FC679401-2F28-4AD5-B435-D4F5FF5BF4BC}.Release|Mixed Platforms.ActiveCfg = Release|Win32
		{FC679401-2F28-4AD5-B435-D4F5FF5BF4BC}.Release|Mixed Platforms.Build.0 = Release|Win32
		{FC679401-2F28-4AD5-B435-D4F5FF5BF4BC}.Release|Win32.ActiveCfg = Release|Win32
		{FC679401-2F28-4AD5-B435-D4F5FF5BF4BC}.Release|Win32.Build.0 = Release|Win32
		{FC679401-2F28-4AD5-B435-D4F5FF5BF4BC}.Release|x86.ActiveCfg = Release|Win32
		{E7AB1A95-FE7D-4805-B754-D701D5425D0F}.Debug|Mixed Platforms.ActiveCfg = Debug|Win32
		{E7AB1A95-FE7D-4805-B754-D701D5425D0F}.Debug|Mixed Platforms.Build.0 = Debug|Win32
		{E7AB1A95-FE7D-4805-B754-D701D5425D0F}.Debug|Win32.ActiveCfg = Debug|Win32
		{E7AB1A95-FE7D-4805-B754-D701D5425D0F}.Debug|Win32.Build.0 = Debug|Win32
		{E7AB1A95-FE7D-4805-B754-D701D5425D0F}.Debug|x86.ActiveCfg = Debug|Win32
		{E7AB1A95-FE7D-4805-B754-D701D5425D0F}.Release|Mixed Platforms.ActiveCfg = Release|Win32
		{E7AB1A95-FE7D-4805-B754-D701D5425D0F}.Release|Mixed Platforms.Build.0 = Release|Win32
		{E7AB1A95-FE7D-4805-B754-D701D5425D0F}.Release|Win32.ActiveCfg = Release|Win32
		{E7AB1A95-FE7D-4805-B754-D701D5425D0F}.Release|Win32.Build.0 = Release|Win32
		{E7AB1A95-FE7D-4805-B754-D701D5425D0F}.Release|x86.ActiveCfg = Release|Win32
		{1D07172C-7786-41C1-AFF5-4DA30CA529DF}.Debug|Mixed Platforms.ActiveCfg = Debug|Win32
		{1D07172C-7786-41C1-AFF5-4DA30CA529DF}.Debug|Mixed Platforms.Build.0 = Debug|Win32
		{1D07172C-7786-41C1-AFF5-4DA30CA529DF}.Debug|Win32.ActiveCfg = Debug|Win32
		{1D07172C-7786-41C1-AFF5-4DA30CA529DF}.Debug|Win32.Build.0 = Debug|Win32
		{1D07172C-7786-41C1-AFF5-4DA30CA529DF}.Debug|x86.ActiveCfg = Debug|Win32
		{1D07172C-7786-41C1-AFF5-4DA30CA529DF}.Release|Mixed Platforms.ActiveCfg = Release|Win32
		{1D07172C-7786-41C1-AFF5-4DA30CA529DF}.Release|Mixed Platforms.Build.0 = Release|Win32
		{1D07172C-7786-41C1-AFF5-4DA30CA529DF}.Release|Win32.ActiveCfg = Release|Win32
		{1D07172C-7786-41C1-AFF5-4DA30CA529DF}.Release|Win32.Build.0 = Release|Win32
		{1D07172C-7786-41C1-AFF5-4DA30CA529DF}.Release|x86.ActiveCfg = Release|Win32
		{E09C522F-897C-420D-A83D-2BC991704C7B}.Debug|Mixed Platforms.ActiveCfg = Debug|Win32
		{E09C522F-897C-420D-A83D-2BC991704C7B}.Debug|Mixed Platforms.Build.0 = Debug|Win32
		{E09C522F-897C-420D-A83D-2BC991704C7B}.Debug|Win32.ActiveCfg = Debug|Win32
		{E09C522F-897C-420D-A83D-2BC991704C7B}.Debug|Win32.Build.0 = Debug|Win32
		{E09C522F-897C-420D-A83D-2BC991704C7B}.Debug|x86.ActiveCfg = Debug|Win32
		{E09C522F-897C-420D-A83D-2BC991704C7B}.Release|Mixed Platforms.ActiveCfg = Release|Win32
		{E09C522F-897C-420D-A83D-2BC991704C7B}.Release|Mixed Platforms.Build.0 = Release|Win32
		{E09C522F-897C-420D-A83D-2BC991704C7B}.Release|Win32.ActiveCfg = Release|Win32
		{E09C522F-897C-420D-A83D-2BC991704C7B}.Release|Win32.Build.0 = Release|Win32
		{E09C522F-897C-420D-A83D-2BC991704C7B}.Release|x86.ActiveCfg = Release|Win32
		{5150E88C-6ABB-450B-9F24-2AFE9813FABF}.Debug|Mixed Platforms.ActiveCfg = Debug|Win32
		{5150E88C-6ABB-450B-9F24-2AFE9813FABF}.Debug|Mixed Platforms.Build.0 = Debug|Win32
		{5150E88C-6ABB-450B-9F24-2AFE9813FABF}.Debug|Win32.ActiveCfg = Debug|Win32
		{5150E88C-6ABB-450B-9F24-2AFE9813FABF}.Debug|Win32.Build.0 = Debug|Win32
		{5150E88C-6ABB-450B-9F24-2AFE9813FABF}.Debug|x86.ActiveCfg = Debug|Win32
		{5150E88C-6ABB-450B-9F24-2AFE9813FABF}.Release|Mixed Platforms.ActiveCfg = Release|Win32
		{5150E88C-6ABB-450B-9F24-2AFE9813FABF}.Release|Mixed Platforms.Build.0 = Release|Win32
		{5150E88C-6ABB-450B-9F24-2AFE9813FABF}.Release|Win32.ActiveCfg = Release|Win32
		{5150E88C-6ABB-450B-9F24-2AFE9813FABF}.Release|Win32.Build.0 = Release|Win32
		{5150E88C-6ABB-450B-9F24-2AFE9813FABF}.Release|x86.ActiveCfg = Release|Win32
		{9501972C-C2B4-4BA3-A70F-BD0B8A253895}.Debug|Mixed Platforms.ActiveCfg = Debug|Win32
		{9501972C-C2B4-4BA3-A70F-BD0B8A253895}.Debug|Mixed Platforms.Build.0 = Debug|Win32
		{9501972C-C2B4-4BA3-A70F-BD0B8A253895}.Debug|Win32.ActiveCfg = Debug|Win32
		{9501972C-C2B4-4BA3-A70F-BD0B8A253895}.Debug|Win32.Build.0 = Debug|Win32
		{9501972C-C2B4-4BA3-A70F-BD0B8A253895}.Debug|x86.ActiveCfg = Debug|Win32
		{9501972C-C2B4-4BA3-A70F-BD0B8A253895}.Release|Mixed Platforms.ActiveCfg = Release|Win32
		{9501972C-C2B4-4BA3-A70F-BD0B8A253895}.Release|Mixed Platforms.Build.0 = Release|Win32
		{9501972C-C2B4-4BA3-A70F-BD0B8A253895}.Release|Win32.ActiveCfg = Release|Win32
		{9501972C-C2B4-4BA3-A70F-BD0B8A253895}.Release|Win32.Build.0 = Release|Win32
		{9501972C-C2B4-4BA3-A70F-BD0B8A253895}.Release|x86.ActiveCfg = Release|Win32
		{C5AD8593-60F9-40F8-A503-5AC5FB390416}.Debug|Mixed Platforms.ActiveCfg = Debug|Win32
		{C5AD8593-60F9-40F8-A503-5AC5FB390416}.Debug|Mixed Platforms.Build.0 = Debug|Win32
		{C5AD8593-60F9-40F8-A503-5AC5FB390416}.Debug|Win32.ActiveCfg = Debug|Win32
		{C5AD8593-60F9-40F8-A503-5AC5FB390416}.Debug|Win32.Build.0 = Debug|Win32
		{C5AD8593-60F9-40F8-A503-5AC5FB390416}.Debug|x86.ActiveCfg = Debug|Win32
		{C5AD8593-60F9-40F8-A503-5AC5FB390416}.Release|Mixed Platforms.ActiveCfg = Release|Win32
		{C5AD8593-60F9-40F8-A503-5AC5FB390416}.Release|Mixed Platforms.Build.0 = Release|Win32
		{C5AD8593-60F9-40F8-A503-5AC5FB390416}.Release|Win32.ActiveCfg = Release|Win32
		{C5AD8593-60F9-40F8-A503-5AC5FB390416}.Release|Win32.Build.0 = Release|Win32
		{C5AD8593-60F9-40F8-A503-5AC5FB390416}.Release|x86.ActiveCfg = Release|Win32
		{9CC62919-DD64-4AB0-B1A0-D47524AD24F0}.Debug|Mixed Platforms.ActiveCfg = Debug|Win32
		{9CC62919-DD64-4AB0-B1A0-D47524AD24F0}.Debug|Mixed Platforms.Build.0 = Debug|Win32
		{9CC62919-DD64-4AB0-B1A0-D47524AD24F0}.Debug|Win32.ActiveCfg = Debug|Win32
		{9CC62919-DD64-4AB0-B1A0-D47524AD24F0}.Debug|Win32.Build.0 = Debug|Win32
		{9CC62919-DD64-4AB0-B1A0-D47524AD24F0}.Debug|x86.ActiveCfg = Debug|Win32
		{9CC62919-DD64-4AB0-B1A0-D47524AD24F0}.Release|Mixed Platforms.ActiveCfg = Release|Win32
		{9CC62919-DD64-4AB0-B1A0-D47524AD24F0}.Release|Mixed Platforms.Build.0 = Release|Win32
		{9CC62919-DD64-4AB0-B1A0-D47524AD24F0}.Release|Win32.ActiveCfg = Release|Win32
		{9CC62919-DD64-4AB0-B1A0-D47524AD24F0}.Release|Win32.Build.0 = Release|Win32
		{9CC62919-DD64-4AB0-B1A0-D47524AD24F0}.Release|x86.ActiveCfg = Release|Win32
		{AD0E0D94-A830-448E-8F4A-100EA6F7BE1C}.Debug|Mixed Platforms.ActiveCfg = Debug|Win32
		{AD0E0D94-A830-448E-8F4A-100EA6F7BE1C}.Debug|Mixed Platforms.Build.0 = Debug|Win32
		{AD0E0D94-A830-448E-8F4A-100EA6F7BE1C}.Debug|Win32.ActiveCfg = Debug|Win32
		{AD0E0D94-A830-448E-8F4A-100EA6F7BE1C}.Debug|Win32.Build.0 = Debug|Win32
		{AD0E0D94-A830-448E-8F4A-100EA6F7BE1C}.Debug|x86.ActiveCfg = Debug|Win32
		{AD0E0D94-A830-448E-8F4A-100EA6F7BE1C}.Release|Mixed Platforms.ActiveCfg = Release|Win32
		{AD0E0D94-A830-448E-8F4A-100EA6F7BE1C}.Release|Mixed Platforms.Build.0 = Release|Win32
		{AD0E0D94-A830-448E-8F4A-100EA6F7BE1C}.Release|Win32.ActiveCfg = Release|Win32
		{AD0E0D94-A830-448E-8F4A-100EA6F7BE1C}.Release|Win32.Build.0 = Release|Win32
		{AD0E0D94-A830-448E-8F4A-100EA6F7BE1C}.Release|x86.ActiveCfg = Release|Win32
		{889A4535-3840-447B-80CA-52165DE833C4}.Debug|Mixed Platforms.ActiveCfg = Debug|Win32
		{889A4535-3840-447B-80CA-52165DE833C4}.Debug|Mixed Platforms.Build.0 = Debug|Win32
		{889A4535-3840-447B-80CA-52165DE833C4}.Debug|Win32.ActiveCfg = Debug|Win32
		{889A4535-3840-447B-80CA-52165DE833C4}.Debug|Win32.Build.0 = Debug|Win32
		{889A4535-3840-447B-80CA-52165DE833C4}.Debug|x86.ActiveCfg = Debug|Win32
		{889A4535-3840-447B-80CA-52165DE833C4}.Release|Mixed Platforms.ActiveCfg = Release|Win32
		{889A4535-3840-447B-80CA-52165DE833C4}.Release|Mixed Platforms.Build.0 = Release|Win32
		{889A4535-3840-447B-80CA-52165DE833C4}.Release|Win32.ActiveCfg = Release|Win32
		{889A4535-3840-447B-80CA-52165DE833C4}.Release|Win32.Build.0 = Release|Win32
		{889A4535-3840-447B-80CA-52165DE833C4}.Release|x86.ActiveCfg = Release|Win32
		{FF72188B-6770-4732-B479-51DD7D57A9A3}.Debug|Mixed Platforms.ActiveCfg = Debug|Win32
		{FF72188B-6770-4732-B479-51DD7D57A9A3}.Debug|Mixed Platforms.Build.0 = Debug|Win32
		{FF72188B-6770-4732-B479-51DD7D57A9A3}.Debug|Win32.ActiveCfg = Debug|Win32
		{FF72188B-6770-4732-B479-51DD7D57A9A3}.Debug|Win32.Build.0 = Debug|Win32
		{FF72188B-6770-4732-B479-51DD7D57A9A3}.Debug|x86.ActiveCfg = Debug|Win32
		{FF72188B-6770-4732-B479-51DD7D57A9A3}.Release|Mixed Platforms.ActiveCfg = Release|Win32
		{FF72188B-6770-4732-B479-51DD7D57A9A3}.Release|Mixed Platforms.Build.0 = Release|Win32
		{FF72188B-6770-4732-B479-51DD7D57A9A3}.Release|Win32.ActiveCfg = Release|Win32
		{FF72188B-6770-4732-B479-51DD7D57A9A3}.Release|Win32.Build.0 = Release|Win32
		{FF72188B-6770-4732-B479-51DD7D57A9A3}.Release|x86.ActiveCfg = Release|Win32
		{89FD9B1A-0E8E-45A0-B99F-11ED71388192}.Debug|Mixed Platforms.ActiveCfg = Debug|Win32
		{89FD9B1A-0E8E-45A0-B99F-11ED71388192}.Debug|Mixed Platforms.Build.0 = Debug|Win32
		{89FD9B1A-0E8E-45A0-B99F-11ED71388192}.Debug|Win32.ActiveCfg = Debug|Win32
		{89FD9B1A-0E8E-45A0-B99F-11ED71388192}.Debug|Win32.Build.0 = Debug|Win32
		{89FD9B1A-0E8E-45A0-B99F-11ED71388192}.Debug|x86.ActiveCfg = Debug|Win32
		{89FD9B1A-0E8E-45A0-B99F-11ED71388192}.Release|Mixed Platforms.ActiveCfg = Release|Win32
		{89FD9B1A-0E8E-45A0-B99F-11ED71388192}.Release|Mixed Platforms.Build.0 = Release|Win32
		{89FD9B1A-0E8E-45A0-B99F-11ED71388192}.Release|Win32.ActiveCfg = Release|Win32
		{89FD9B1A-0E8E-45A0-B99F-11ED71388192}.Release|Win32.Build.0 = Release|Win32
		{89FD9B1A-0E8E-45A0-B99F-11ED71388192}.Release|x86.ActiveCfg = Release|Win32
		{D86655FD-6DBE-4E48-A9E5-CAA20676B1A8}.Debug|Mixed Platforms.ActiveCfg = Debug|Win32
		{D86655FD-6DBE-4E48-A9E5-CAA20676B1A8}.Debug|Mixed Platforms.Build.0 = Debug|Win32
		{D86655FD-6DBE-4E48-A9E5-CAA20676B1A8}.Debug|Win32.ActiveCfg = Debug|Win32
		{D86655FD-6DBE-4E48-A9E5-CAA20676B1A8}.Debug|Win32.Build.0 = Debug|Win32
		{D86655FD-6DBE-4E48-A9E5-CAA20676B1A8}.Debug|x86.ActiveCfg = Debug|Win32
		{D86655FD-6DBE-4E48-A9E5-CAA20676B1A8}.Release|Mixed Platforms.ActiveCfg = Release|Win32
		{D86655FD-6DBE-4E48-A9E5-CAA20676B1A8}.Release|Mixed Platforms.Build.0 = Release|Win32
		{D86655FD-6DBE-4E48-A9E5-CAA20676B1A8}.Release|Win32.ActiveCfg = Release|Win32
		{D86655FD-6DBE-4E48-A9E5-CAA20676B1A8}.Release|Win32.Build.0 = Release|Win32
		{D86655FD-6DBE-4E48-A9E5-CAA20676B1A8}.Release|x86.ActiveCfg = Release|Win32
	EndGlobalSection
	GlobalSection(SolutionProperties) = preSolution
		HideSolutionNode = FALSE
	EndGlobalSection
	GlobalSection(NestedProjects) = preSolution
		{FC679401-2F28-4AD5-B435-D4F5FF5BF4BC} = {76FD7DA6-8143-4333-BEDA-8629BA42520E}
		{E7AB1A95-FE7D-4805-B754-D701D5425D0F} = {7B6BE45A-7FCE-4A14-9433-CF9B62993F07}
		{1D07172C-7786-41C1-AFF5-4DA30CA529DF} = {ECEC3109-FAF1-4479-B01B-B32D544F82AE}
		{E09C522F-897C-420D-A83D-2BC991704C7B} = {21A5F8B9-98D3-4842-B740-4F3F6B03765A}
		{5150E88C-6ABB-450B-9F24-2AFE9813FABF} = {FE6DC318-124E-4A03-8770-6FDBB7AAC445}
		{9501972C-C2B4-4BA3-A70F-BD0B8A253895} = {335F1F01-ED3A-450C-A4BC-2676BF6ADD47}
		{C5AD8593-60F9-40F8-A503-5AC5FB390416} = {E5D16EC0-F101-408B-96A8-9317FDA327F7}
		{9CC62919-DD64-4AB0-B1A0-D47524AD24F0} = {C18C12CE-D4A8-418A-A248-508437E86C2B}
		{AD0E0D94-A830-448E-8F4A-100EA6F7BE1C} = {A81FA494-4072-4850-8B11-B32DFD15DD22}
		{889A4535-3840-447B-80CA-52165DE833C4} = {2B825FE7-E4AE-4E86-A342-A30DC48CB4BB}
		{FF72188B-6770-4732-B479-51DD7D57A9A3} = {2CCFF373-6F11-48B8-AE48-353A49EC1F6C}
		{89FD9B1A-0E8E-45A0-B99F-11ED71388192} = {2DE8ED4F-7BB9-477C-B231-CDAB3976648A}
		{D86655FD-6DBE-4E48-A9E5-CAA20676B1A8} = {1F51F5C3-4DA9-4792-8323-CD95B654925E}
	EndGlobalSection
EndGlobal
