
Microsoft Visual Studio Solution File, Format Version 11.00
# Visual Studio 2010
Project("{8BC9CEB8-8B4A-11D0-8D11-00A0C91BC942}") = "SimpleFactroy", "SimpleFactroy\SimpleFactroy.vcxproj", "{FC679401-2F28-4AD5-B435-D4F5FF5BF4BC}"
EndProject
Project("{2150E333-8FDC-42A3-9474-1A3956D46DE8}") = "简单工厂模式", "简单工厂模式", "{76FD7DA6-8143-4333-BEDA-8629BA42520E}"
EndProject
Project("{2150E333-8FDC-42A3-9474-1A3956D46DE8}") = "工厂模式", "工厂模式", "{7B6BE45A-7FCE-4A14-9433-CF9B62993F07}"
EndProject
Project("{8BC9CEB8-8B4A-11D0-8D11-00A0C91BC942}") = "Factory", "Factory\Factory.vcxproj", "{E7AB1A95-FE7D-4805-B754-D701D5425D0F}"
EndProject
Project("{2150E333-8FDC-42A3-9474-1A3956D46DE8}") = "抽象工厂模式", "抽象工厂模式", "{ECEC3109-FAF1-4479-B01B-B32D544F82AE}"
EndProject
Project("{8BC9CEB8-8B4A-11D0-8D11-00A0C91BC942}") = "AbstractFactory", "AbstractFactory\AbstractFactory.vcxproj", "{1D07172C-7786-41C1-AFF5-4DA30CA529DF}"
EndProject
Project("{2150E333-8FDC-42A3-9474-1A3956D46DE8}") = "建造者模式", "建造者模式", "{21A5F8B9-98D3-4842-B740-4F3F6B03765A}"
EndProject
Project("{8BC9CEB8-8B4A-11D0-8D11-00A0C91BC942}") = "Builder", "Builder\Builder.vcxproj", "{E09C522F-897C-420D-A83D-2BC991704C7B}"
EndProject
Project("{2150E333-8FDC-42A3-9474-1A3956D46DE8}") = "原型模式", "原型模式", "{FE6DC318-124E-4A03-8770-6FDBB7AAC445}"
EndProject
Project("{8BC9CEB8-8B4A-11D0-8D11-00A0C91BC942}") = "Property", "Property\Property.vcxproj", "{5150E88C-6ABB-450B-9F24-2AFE9813FABF}"
EndProject
Project("{2150E333-8FDC-42A3-9474-1A3956D46DE8}") = "单例模式", "单例模式", "{335F1F01-ED3A-450C-A4BC-2676BF6ADD47}"
EndProject
Project("{8BC9CEB8-8B4A-11D0-8D11-00A0C91BC942}") = "Singleton", "Singleton\Singleton.vcxproj", "{9501972C-C2B4-4BA3-A70F-BD0B8A253895}"
EndProject
Project("{2150E333-8FDC-42A3-9474-1A3956D46DE8}") = "代理者模式", "代理者模式", "{E5D16EC0-F101-408B-96A8-9317FDA327F7}"
EndProject
Project("{8BC9CEB8-8B4A-11D0-8D11-00A0C91BC942}") = "Adapt", "Adapt\Adapt.vcxproj", "{C5AD8593-60F9-40F8-A503-5AC5FB390416}"
EndProject
Project("{2150E333-8FDC-42A3-9474-1A3956D46DE8}") = "桥接模式", "桥接模式", "{C18C12CE-D4A8-418A-A248-508437E86C2B}"
EndProject
Project("{8BC9CEB8-8B4A-11D0-8D11-00A0C91BC942}") = "Bridge", "Bridge\Bridge.vcxproj", "{9CC62919-DD64-4AB0-B1A0-D47524AD24F0}"
EndProject
Global
	GlobalSection(SolutionConfigurationPlatforms) = preSolution
		Debug|Win32 = Debug|Win32
		Release|Win32 = Release|Win32
	EndGlobalSection
	GlobalSection(ProjectConfigurationPlatforms) = postSolution
		{FC679401-2F28-4AD5-B435-D4F5FF5BF4BC}.Debug|Win32.ActiveCfg = Debug|Win32
		{FC679401-2F28-4AD5-B435-D4F5FF5BF4BC}.Debug|Win32.Build.0 = Debug|Win32
		{FC679401-2F28-4AD5-B435-D4F5FF5BF4BC}.Release|Win32.ActiveCfg = Release|Win32
		{FC679401-2F28-4AD5-B435-D4F5FF5BF4BC}.Release|Win32.Build.0 = Release|Win32
		{E7AB1A95-FE7D-4805-B754-D701D5425D0F}.Debug|Win32.ActiveCfg = Debug|Win32
		{E7AB1A95-FE7D-4805-B754-D701D5425D0F}.Debug|Win32.Build.0 = Debug|Win32
		{E7AB1A95-FE7D-4805-B754-D701D5425D0F}.Release|Win32.ActiveCfg = Release|Win32
		{E7AB1A95-FE7D-4805-B754-D701D5425D0F}.Release|Win32.Build.0 = Release|Win32
		{1D07172C-7786-41C1-AFF5-4DA30CA529DF}.Debug|Win32.ActiveCfg = Debug|Win32
		{1D07172C-7786-41C1-AFF5-4DA30CA529DF}.Debug|Win32.Build.0 = Debug|Win32
		{1D07172C-7786-41C1-AFF5-4DA30CA529DF}.Release|Win32.ActiveCfg = Release|Win32
		{1D07172C-7786-41C1-AFF5-4DA30CA529DF}.Release|Win32.Build.0 = Release|Win32
		{E09C522F-897C-420D-A83D-2BC991704C7B}.Debug|Win32.ActiveCfg = Debug|Win32
		{E09C522F-897C-420D-A83D-2BC991704C7B}.Debug|Win32.Build.0 = Debug|Win32
		{E09C522F-897C-420D-A83D-2BC991704C7B}.Release|Win32.ActiveCfg = Release|Win32
		{E09C522F-897C-420D-A83D-2BC991704C7B}.Release|Win32.Build.0 = Release|Win32
		{5150E88C-6ABB-450B-9F24-2AFE9813FABF}.Debug|Win32.ActiveCfg = Debug|Win32
		{5150E88C-6ABB-450B-9F24-2AFE9813FABF}.Debug|Win32.Build.0 = Debug|Win32
		{5150E88C-6ABB-450B-9F24-2AFE9813FABF}.Release|Win32.ActiveCfg = Release|Win32
		{5150E88C-6ABB-450B-9F24-2AFE9813FABF}.Release|Win32.Build.0 = Release|Win32
		{9501972C-C2B4-4BA3-A70F-BD0B8A253895}.Debug|Win32.ActiveCfg = Debug|Win32
		{9501972C-C2B4-4BA3-A70F-BD0B8A253895}.Debug|Win32.Build.0 = Debug|Win32
		{9501972C-C2B4-4BA3-A70F-BD0B8A253895}.Release|Win32.ActiveCfg = Release|Win32
		{9501972C-C2B4-4BA3-A70F-BD0B8A253895}.Release|Win32.Build.0 = Release|Win32
		{C5AD8593-60F9-40F8-A503-5AC5FB390416}.Debug|Win32.ActiveCfg = Debug|Win32
		{C5AD8593-60F9-40F8-A503-5AC5FB390416}.Debug|Win32.Build.0 = Debug|Win32
		{C5AD8593-60F9-40F8-A503-5AC5FB390416}.Release|Win32.ActiveCfg = Release|Win32
		{C5AD8593-60F9-40F8-A503-5AC5FB390416}.Release|Win32.Build.0 = Release|Win32
		{9CC62919-DD64-4AB0-B1A0-D47524AD24F0}.Debug|Win32.ActiveCfg = Debug|Win32
		{9CC62919-DD64-4AB0-B1A0-D47524AD24F0}.Debug|Win32.Build.0 = Debug|Win32
		{9CC62919-DD64-4AB0-B1A0-D47524AD24F0}.Release|Win32.ActiveCfg = Release|Win32
		{9CC62919-DD64-4AB0-B1A0-D47524AD24F0}.Release|Win32.Build.0 = Release|Win32
	EndGlobalSection
	GlobalSection(SolutionProperties) = preSolution
		HideSolutionNode = FALSE
	EndGlobalSection
	GlobalSection(NestedProjects) = preSolution
		{FC679401-2F28-4AD5-B435-D4F5FF5BF4BC} = {76FD7DA6-8143-4333-BEDA-8629BA42520E}
		{E7AB1A95-FE7D-4805-B754-D701D5425D0F} = {7B6BE45A-7FCE-4A14-9433-CF9B62993F07}
		{1D07172C-7786-41C1-AFF5-4DA30CA529DF} = {ECEC3109-FAF1-4479-B01B-B32D544F82AE}
		{E09C522F-897C-420D-A83D-2BC991704C7B} = {21A5F8B9-98D3-4842-B740-4F3F6B03765A}
		{5150E88C-6ABB-450B-9F24-2AFE9813FABF} = {FE6DC318-124E-4A03-8770-6FDBB7AAC445}
		{9501972C-C2B4-4BA3-A70F-BD0B8A253895} = {335F1F01-ED3A-450C-A4BC-2676BF6ADD47}
		{C5AD8593-60F9-40F8-A503-5AC5FB390416} = {E5D16EC0-F101-408B-96A8-9317FDA327F7}
		{9CC62919-DD64-4AB0-B1A0-D47524AD24F0} = {C18C12CE-D4A8-418A-A248-508437E86C2B}
	EndGlobalSection
EndGlobal
